
Microsoft Visual Studio Solution File, Format Version 12.00
# Visual Studio Version 17
VisualStudioVersion = 17.4.32916.344
MinimumVisualStudioVersion = 10.0.40219.1
Project("{FAE04EC0-301F-11D3-BF4B-00C04F79EFBC}") = "WMU.Elearning.Server", "WMU.Elearning.Server.csproj", "{825CD42B-A04B-4C50-A259-D9CCE6C60DD7}"
EndProject
Global
	GlobalSection(SolutionConfigurationPlatforms) = preSolution
		Debug|Any CPU = Debug|Any CPU
		Release|Any CPU = Release|Any CPU
	EndGlobalSection
	GlobalSection(ProjectConfigurationPlatforms) = postSolution
		{825CD42B-A04B-4C50-A259-D9CCE6C60DD7}.Debug|Any CPU.ActiveCfg = Debug|Any CPU
		{825CD42B-A04B-4C50-A259-D9CCE6C60DD7}.Debug|Any CPU.Build.0 = Debug|Any CPU
		{825CD42B-A04B-4C50-A259-D9CCE6C60DD7}.Release|Any CPU.ActiveCfg = Release|Any CPU
		{825CD42B-A04B-4C50-A259-D9CCE6C60DD7}.Release|Any CPU.Build.0 = Release|Any CPU
	EndGlobalSection
	GlobalSection(SolutionProperties) = preSolution
		HideSolutionNode = FALSE
	EndGlobalSection
	GlobalSection(ExtensibilityGlobals) = postSolution
		SolutionGuid = {DA81BD8E-7874-45D3-BCDF-6A348B490F9D}
	EndGlobalSection
EndGlobal
